Microsoft Visual Studio Solution File, Format Version 12.00
# Visual Studio 2012
Project("{FAE04EC0-301F-11D3-BF4B-00C04F79EFBC}") = "BioHome", "BioHome.csproj", "{69172B4B-8F62-44E7-B1AA-845C556713BB}"
EndProject
Global
	GlobalSection(SolutionConfigurationPlatforms) = preSolution
	Debug|Any CPU = Debug|Any CPU
	ExportDebug|Any CPU = ExportDebug|Any CPU
	ExportRelease|Any CPU = ExportRelease|Any CPU
	EndGlobalSection
	GlobalSection(ProjectConfigurationPlatforms) = postSolution
		{69172B4B-8F62-44E7-B1AA-845C556713BB}.Debug|Any CPU.ActiveCfg = Debug|Any CPU
		{69172B4B-8F62-44E7-B1AA-845C556713BB}.Debug|Any CPU.Build.0 = Debug|Any CPU
		{69172B4B-8F62-44E7-B1AA-845C556713BB}.ExportDebug|Any CPU.ActiveCfg = ExportDebug|Any CPU
		{69172B4B-8F62-44E7-B1AA-845C556713BB}.ExportDebug|Any CPU.Build.0 = ExportDebug|Any CPU
		{69172B4B-8F62-44E7-B1AA-845C556713BB}.ExportRelease|Any CPU.ActiveCfg = ExportRelease|Any CPU
		{69172B4B-8F62-44E7-B1AA-845C556713BB}.ExportRelease|Any CPU.Build.0 = ExportRelease|Any CPU
	EndGlobalSection
EndGlobal
